
Microsoft Visual Studio Solution File, Format Version 12.00
# Visual Studio Version 17
VisualStudioVersion = 17.7.34202.233
MinimumVisualStudioVersion = 10.0.40219.1
Project("{FAE04EC0-301F-11D3-BF4B-00C04F79EFBC}") = "Babels Library", "Babels Library\Babels Library.csproj", "{9931E21E-957C-44B1-9A92-6F26D58425EE}"
EndProject
Global
	GlobalSection(SolutionConfigurationPlatforms) = preSolution
		Debug|Any CPU = Debug|Any CPU
		Release|Any CPU = Release|Any CPU
	EndGlobalSection
	GlobalSection(ProjectConfigurationPlatforms) = postSolution
		{9931E21E-957C-44B1-9A92-6F26D58425EE}.Debug|Any CPU.ActiveCfg = Debug|Any CPU
		{9931E21E-957C-44B1-9A92-6F26D58425EE}.Debug|Any CPU.Build.0 = Debug|Any CPU
		{9931E21E-957C-44B1-9A92-6F26D58425EE}.Release|Any CPU.ActiveCfg = Release|Any CPU
		{9931E21E-957C-44B1-9A92-6F26D58425EE}.Release|Any CPU.Build.0 = Release|Any CPU
	EndGlobalSection
	GlobalSection(SolutionProperties) = preSolution
		HideSolutionNode = FALSE
	EndGlobalSection
	GlobalSection(ExtensibilityGlobals) = postSolution
		SolutionGuid = {45E0165F-983C-4B40-B3A8-A654166C4B3D}
	EndGlobalSection
EndGlobal
